// !$*UTF8*$!
{
	archiveVersion = 1;
	classes = {
	};
	objectVersion = 56;
	objects = {

/* Begin PBXBuildFile section */
		FA4DEF1B29A3960A002BA555 /* Knowapp_v1_0App.swift in Sources */ = {isa = PBXBuildFile; fileRef = FA4DEF1A29A3960A002BA555 /* Knowapp_v1_0App.swift */; };
		FA4DEF1D29A3960A002BA555 /* ContentView.swift in Sources */ = {isa = PBXBuildFile; fileRef = FA4DEF1C29A3960A002BA555 /* ContentView.swift */; };
		FA4DEF1F29A3960A002BA555 /* Assets.xcassets in Resources */ = {isa = PBXBuildFile; fileRef = FA4DEF1E29A3960A002BA555 /* Assets.xcassets */; };
		FA4DEF2229A3960A002BA555 /* Preview Assets.xcassets in Resources */ = {isa = PBXBuildFile; fileRef = FA4DEF2129A3960A002BA555 /* Preview Assets.xcassets */; };
		FA4DEF2D29A3960B002BA555 /* Knowapp_v1_0Tests.swift in Sources */ = {isa = PBXBuildFile; fileRef = FA4DEF2C29A3960B002BA555 /* Knowapp_v1_0Tests.swift */; };
		FA4DEF3729A3960B002BA555 /* Knowapp_v1_0UITests.swift in Sources */ = {isa = PBXBuildFile; fileRef = FA4DEF3629A3960B002BA555 /* Knowapp_v1_0UITests.swift */; };
		FA4DEF3929A3960B002BA555 /* Knowapp_v1_0UITestsLaunchTests.swift in Sources */ = {isa = PBXBuildFile; fileRef = FA4DEF3829A3960B002BA555 /* Knowapp_v1_0UITestsLaunchTests.swift */; };
/* End PBXBuildFile section */

/* Begin PBXContainerItemProxy section */
		FA4DEF2929A3960B002BA555 /* PBXContainerItemProxy */ = {
			isa = PBXContainerItemProxy;
			containerPortal = FA4DEF0F29A3960A002BA555 /* Project object */;
			proxyType = 1;
			remoteGlobalIDString = FA4DEF1629A3960A002BA555;
			remoteInfo = "Knowapp_v1-0";
		};
		FA4DEF3329A3960B002BA555 /* PBXContainerItemProxy */ = {
			isa = PBXContainerItemProxy;
			containerPortal = FA4DEF0F29A3960A002BA555 /* Project object */;
			proxyType = 1;
			remoteGlobalIDString = FA4DEF1629A3960A002BA555;
			remoteInfo = "Knowapp_v1-0";
		};
/* End PBXContainerItemProxy section */

/* Begin PBXFileReference section */
		FA4DEF1729A3960A002BA555 /* Knowapp_v1-0.app */ = {isa = PBXFileReference; explicitFileType = wrapper.application; includeInIndex = 0; path = "Knowapp_v1-0.app"; sourceTree = BUILT_PRODUCTS_DIR; };
		FA4DEF1A29A3960A002BA555 /* Knowapp_v1_0App.swift */ = {isa = PBXFileReference; lastKnownFileType = sourcecode.swift; path = Knowapp_v1_0App.swift; sourceTree = "<group>"; };
		FA4DEF1C29A3960A002BA555 /* ContentView.swift */ = {isa = PBXFileReference; lastKnownFileType = sourcecode.swift; path = ContentView.swift; sourceTree = "<group>"; };
		FA4DEF1E29A3960A002BA555 /* Assets.xcassets */ = {isa = PBXFileReference; lastKnownFileType = folder.assetcatalog; path = Assets.xcassets; sourceTree = "<group>"; };
		FA4DEF2129A3960A002BA555 /* Preview Assets.xcassets */ = {isa = PBXFileReference; lastKnownFileType = folder.assetcatalog; path = "Preview Assets.xcassets"; sourceTree = "<group>"; };
		FA4DEF2329A3960A002BA555 /* Knowapp_v1_0.entitlements */ = {isa = PBXFileReference; lastKnownFileType = text.plist.entitlements; path = Knowapp_v1_0.entitlements; sourceTree = "<group>"; };
		FA4DEF2829A3960B002BA555 /* Knowapp_v1-0Tests.xctest */ = {isa = PBXFileReference; explicitFileType = wrapper.cfbundle; includeInIndex = 0; path = "Knowapp_v1-0Tests.xctest"; sourceTree = BUILT_PRODUCTS_DIR; };
		FA4DEF2C29A3960B002BA555 /* Knowapp_v1_0Tests.swift */ = {isa = PBXFileReference; lastKnownFileType = sourcecode.swift; path = Knowapp_v1_0Tests.swift; sourceTree = "<group>"; };
		FA4DEF3229A3960B002BA555 /* Knowapp_v1-0UITests.xctest */ = {isa = PBXFileReference; explicitFileType = wrapper.cfbundle; includeInIndex = 0; path = "Knowapp_v1-0UITests.xctest"; sourceTree = BUILT_PRODUCTS_DIR; };
		FA4DEF3629A3960B002BA555 /* Knowapp_v1_0UITests.swift */ = {isa = PBXFileReference; lastKnownFileType = sourcecode.swift; path = Knowapp_v1_0UITests.swift; sourceTree = "<group>"; };
		FA4DEF3829A3960B002BA555 /* Knowapp_v1_0UITestsLaunchTests.swift */ = {isa = PBXFileReference; lastKnownFileType = sourcecode.swift; path = Knowapp_v1_0UITestsLaunchTests.swift; sourceTree = "<group>"; };
/* End PBXFileReference section */

/* Begin PBXFrameworksBuildPhase section */
		FA4DEF1429A3960A002BA555 /* Frameworks */ = {
			isa = PBXFrameworksBuildPhase;
			buildActionMask = 2147483647;
			files = (
			);
			runOnlyForDeploymentPostprocessing = 0;
		};
		FA4DEF2529A3960B002BA555 /* Frameworks */ = {
			isa = PBXFrameworksBuildPhase;
			buildActionMask = 2147483647;
			files = (
			);
			runOnlyForDeploymentPostprocessing = 0;
		};
		FA4DEF2F29A3960B002BA555 /* Frameworks */ = {
			isa = PBXFrameworksBuildPhase;
			buildActionMask = 2147483647;
			files = (
			);
			runOnlyForDeploymentPostprocessing = 0;
		};
/* End PBXFrameworksBuildPhase section */

/* Begin PBXGroup section */
		FA4DEF0E29A3960A002BA555 = {
			isa = PBXGroup;
			children = (
				FA4DEF1929A3960A002BA555 /* Knowapp_v1-0 */,
				FA4DEF2B29A3960B002BA555 /* Knowapp_v1-0Tests */,
				FA4DEF3529A3960B002BA555 /* Knowapp_v1-0UITests */,
				FA4DEF1829A3960A002BA555 /* Products */,
			);
			sourceTree = "<group>";
		};
		FA4DEF1829A3960A002BA555 /* Products */ = {
			isa = PBXGroup;
			children = (
				FA4DEF1729A3960A002BA555 /* Knowapp_v1-0.app */,
				FA4DEF2829A3960B002BA555 /* Knowapp_v1-0Tests.xctest */,
				FA4DEF3229A3960B002BA555 /* Knowapp_v1-0UITests.xctest */,
			);
			name = Products;
			sourceTree = "<group>";
		};
		FA4DEF1929A3960A002BA555 /* Knowapp_v1-0 */ = {
			isa = PBXGroup;
			children = (
				FA4DEF1A29A3960A002BA555 /* Knowapp_v1_0App.swift */,
				FA4DEF1C29A3960A002BA555 /* ContentView.swift */,
				FA4DEF1E29A3960A002BA555 /* Assets.xcassets */,
				FA4DEF2329A3960A002BA555 /* Knowapp_v1_0.entitlements */,
				FA4DEF2029A3960A002BA555 /* Preview Content */,
			);
			path = "Knowapp_v1-0";
			sourceTree = "<group>";
		};
		FA4DEF2029A3960A002BA555 /* Preview Content */ = {
			isa = PBXGroup;
			children = (
				FA4DEF2129A3960A002BA555 /* Preview Assets.xcassets */,
			);
			path = "Preview Content";
			sourceTree = "<group>";
		};
		FA4DEF2B29A3960B002BA555 /* Knowapp_v1-0Tests */ = {
			isa = PBXGroup;
			children = (
				FA4DEF2C29A3960B002BA555 /* Knowapp_v1_0Tests.swift */,
			);
			path = "Knowapp_v1-0Tests";
			sourceTree = "<group>";
		};
		FA4DEF3529A3960B002BA555 /* Knowapp_v1-0UITests */ = {
			isa = PBXGroup;
			children = (
				FA4DEF3629A3960B002BA555 /* Knowapp_v1_0UITests.swift */,
				FA4DEF3829A3960B002BA555 /* Knowapp_v1_0UITestsLaunchTests.swift */,
			);
			path = "Knowapp_v1-0UITests";
			sourceTree = "<group>";
		};
/* End PBXGroup section */

/* Begin PBXNativeTarget section */
		FA4DEF1629A3960A002BA555 /* Knowapp_v1-0 */ = {
			isa = PBXNativeTarget;
			buildConfigurationList = FA4DEF3C29A3960B002BA555 /* Build configuration list for PBXNativeTarget "Knowapp_v1-0" */;
			buildPhases = (
				FA4DEF1329A3960A002BA555 /* Sources */,
				FA4DEF1429A3960A002BA555 /* Frameworks */,
				FA4DEF1529A3960A002BA555 /* Resources */,
			);
			buildRules = (
			);
			dependencies = (
			);
			name = "Knowapp_v1-0";
			productName = "Knowapp_v1-0";
			productReference = FA4DEF1729A3960A002BA555 /* Knowapp_v1-0.app */;
			productType = "com.apple.product-type.application";
		};
		FA4DEF2729A3960B002BA555 /* Knowapp_v1-0Tests */ = {
			isa = PBXNativeTarget;
			buildConfigurationList = FA4DEF3F29A3960B002BA555 /* Build configuration list for PBXNativeTarget "Knowapp_v1-0Tests" */;
			buildPhases = (
				FA4DEF2429A3960B002BA555 /* Sources */,
				FA4DEF2529A3960B002BA555 /* Frameworks */,
				FA4DEF2629A3960B002BA555 /* Resources */,
			);
			buildRules = (
			);
			dependencies = (
				FA4DEF2A29A3960B002BA555 /* PBXTargetDependency */,
			);
			name = "Knowapp_v1-0Tests";
			productName = "Knowapp_v1-0Tests";
			productReference = FA4DEF2829A3960B002BA555 /* Knowapp_v1-0Tests.xctest */;
			productType = "com.apple.product-type.bundle.unit-test";
		};
		FA4DEF3129A3960B002BA555 /* Knowapp_v1-0UITests */ = {
			isa = PBXNativeTarget;
			buildConfigurationList = FA4DEF4229A3960B002BA555 /* Build configuration list for PBXNativeTarget "Knowapp_v1-0UITests" */;
			buildPhases = (
				FA4DEF2E29A3960B002BA555 /* Sources */,
				FA4DEF2F29A3960B002BA555 /* Frameworks */,
				FA4DEF3029A3960B002BA555 /* Resources */,
			);
			buildRules = (
			);
			dependencies = (
				FA4DEF3429A3960B002BA555 /* PBXTargetDependency */,
			);
			name = "Knowapp_v1-0UITests";
			productName = "Knowapp_v1-0UITests";
			productReference = FA4DEF3229A3960B002BA555 /* Knowapp_v1-0UITests.xctest */;
			productType = "com.apple.product-type.bundle.ui-testing";
		};
/* End PBXNativeTarget section */

/* Begin PBXProject section */
		FA4DEF0F29A3960A002BA555 /* Project object */ = {
			isa = PBXProject;
			attributes = {
				BuildIndependentTargetsInParallel = 1;
				LastSwiftUpdateCheck = 1420;
				LastUpgradeCheck = 1420;
				TargetAttributes = {
					FA4DEF1629A3960A002BA555 = {
						CreatedOnToolsVersion = 14.2;
					};
					FA4DEF2729A3960B002BA555 = {
						CreatedOnToolsVersion = 14.2;
						TestTargetID = FA4DEF1629A3960A002BA555;
					};
					FA4DEF3129A3960B002BA555 = {
						CreatedOnToolsVersion = 14.2;
						TestTargetID = FA4DEF1629A3960A002BA555;
					};
				};
			};
			buildConfigurationList = FA4DEF1229A3960A002BA555 /* Build configuration list for PBXProject "Knowapp_v1-0" */;
			compatibilityVersion = "Xcode 14.0";
			developmentRegion = en;
			hasScannedForEncodings = 0;
			knownRegions = (
				en,
				Base,
			);
			mainGroup = FA4DEF0E29A3960A002BA555;
			productRefGroup = FA4DEF1829A3960A002BA555 /* Products */;
			projectDirPath = "";
			projectRoot = "";
			targets = (
				FA4DEF1629A3960A002BA555 /* Knowapp_v1-0 */,
				FA4DEF2729A3960B002BA555 /* Knowapp_v1-0Tests */,
				FA4DEF3129A3960B002BA555 /* Knowapp_v1-0UITests */,
			);
		};
/* End PBXProject section */

/* Begin PBXResourcesBuildPhase section */
		FA4DEF1529A3960A002BA555 /* Resources */ = {
			isa = PBXResourcesBuildPhase;
			buildActionMask = 2147483647;
			files = (
				FA4DEF2229A3960A002BA555 /* Preview Assets.xcassets in Resources */,
				FA4DEF1F29A3960A002BA555 /* Assets.xcassets in Resources */,
			);
			runOnlyForDeploymentPostprocessing = 0;
		};
		FA4DEF2629A3960B002BA555 /* Resources */ = {
			isa = PBXResourcesBuildPhase;
			buildActionMask = 2147483647;
			files = (
			);
			runOnlyForDeploymentPostprocessing = 0;
		};
		FA4DEF3029A3960B002BA555 /* Resources */ = {
			isa = PBXResourcesBuildPhase;
			buildActionMask = 2147483647;
			files = (
			);
			runOnlyForDeploymentPostprocessing = 0;
		};
/* End PBXResourcesBuildPhase section */

/* Begin PBXSourcesBuildPhase section */
		FA4DEF1329A3960A002BA555 /* Sources */ = {
			isa = PBXSourcesBuildPhase;
			buildActionMask = 2147483647;
			files = (
				FA4DEF1D29A3960A002BA555 /* ContentView.swift in Sources */,
				FA4DEF1B29A3960A002BA555 /* Knowapp_v1_0App.swift in Sources */,
			);
			runOnlyForDeploymentPostprocessing = 0;
		};
		FA4DEF2429A3960B002BA555 /* Sources */ = {
			isa = PBXSourcesBuildPhase;
			buildActionMask = 2147483647;
			files = (
				FA4DEF2D29A3960B002BA555 /* Knowapp_v1_0Tests.swift in Sources */,
			);
			runOnlyForDeploymentPostprocessing = 0;
		};
		FA4DEF2E29A3960B002BA555 /* Sources */ = {
			isa = PBXSourcesBuildPhase;
			buildActionMask = 2147483647;
			files = (
				FA4DEF3729A3960B002BA555 /* Knowapp_v1_0UITests.swift in Sources */,
				FA4DEF3929A3960B002BA555 /* Knowapp_v1_0UITestsLaunchTests.swift in Sources */,
			);
			runOnlyForDeploymentPostprocessing = 0;
		};
/* End PBXSourcesBuildPhase section */

/* Begin PBXTargetDependency section */
		FA4DEF2A29A3960B002BA555 /* PBXTargetDependency */ = {
			isa = PBXTargetDependency;
			target = FA4DEF1629A3960A002BA555 /* Knowapp_v1-0 */;
			targetProxy = FA4DEF2929A3960B002BA555 /* PBXContainerItemProxy */;
		};
		FA4DEF3429A3960B002BA555 /* PBXTargetDependency */ = {
			isa = PBXTargetDependency;
			target = FA4DEF1629A3960A002BA555 /* Knowapp_v1-0 */;
			targetProxy = FA4DEF3329A3960B002BA555 /* PBXContainerItemProxy */;
		};
/* End PBXTargetDependency section */

/* Begin XCBuildConfiguration section */
		FA4DEF3A29A3960B002BA555 /* Debug */ = {
			isa = XCBuildConfiguration;
			buildSettings = {
				ALWAYS_SEARCH_USER_PATHS = NO;
				CLANG_ANALYZER_NONNULL = YES;
				CLANG_ANALYZER_NUMBER_OBJECT_CONVERSION = YES_AGGRESSIVE;
				CLANG_CXX_LANGUAGE_STANDARD = "gnu++20";
				CLANG_ENABLE_MODULES = YES;
				CLANG_ENABLE_OBJC_ARC = YES;
				CLANG_ENABLE_OBJC_WEAK = YES;
				CLANG_WARN_BLOCK_CAPTURE_AUTORELEASING = YES;
				CLANG_WARN_BOOL_CONVERSION = YES;
				CLANG_WARN_COMMA = YES;
				CLANG_WARN_CONSTANT_CONVERSION = YES;
				CLANG_WARN_DEPRECATED_OBJC_IMPLEMENTATIONS = YES;
				CLANG_WARN_DIRECT_OBJC_ISA_USAGE = YES_ERROR;
				CLANG_WARN_DOCUMENTATION_COMMENTS = YES;
				CLANG_WARN_EMPTY_BODY = YES;
				CLANG_WARN_ENUM_CONVERSION = YES;
				CLANG_WARN_INFINITE_RECURSION = YES;
				CLANG_WARN_INT_CONVERSION = YES;
				CLANG_WARN_NON_LITERAL_NULL_CONVERSION = YES;
				CLANG_WARN_OBJC_IMPLICIT_RETAIN_SELF = YES;
				CLANG_WARN_OBJC_LITERAL_CONVERSION = YES;
				CLANG_WARN_OBJC_ROOT_CLASS = YES_ERROR;
				CLANG_WARN_QUOTED_INCLUDE_IN_FRAMEWORK_HEADER = YES;
				CLANG_WARN_RANGE_LOOP_ANALYSIS = YES;
				CLANG_WARN_STRICT_PROTOTYPES = YES;
				CLANG_WARN_SUSPICIOUS_MOVE = YES;
				CLANG_WARN_UNGUARDED_AVAILABILITY = YES_AGGRESSIVE;
				CLANG_WARN_UNREACHABLE_CODE = YES;
				CLANG_WARN__DUPLICATE_METHOD_MATCH = YES;
				COPY_PHASE_STRIP = NO;
				DEBUG_INFORMATION_FORMAT = dwarf;
				ENABLE_STRICT_OBJC_MSGSEND = YES;
				ENABLE_TESTABILITY = YES;
				GCC_C_LANGUAGE_STANDARD = gnu11;
				GCC_DYNAMIC_NO_PIC = NO;
				GCC_NO_COMMON_BLOCKS = YES;
				GCC_OPTIMIZATION_LEVEL = 0;
				GCC_PREPROCESSOR_DEFINITIONS = (
					"DEBUG=1",
					"$(inherited)",
				);
				GCC_WARN_64_TO_32_BIT_CONVERSION = YES;
				GCC_WARN_ABOUT_RETURN_TYPE = YES_ERROR;
				GCC_WARN_UNDECLARED_SELECTOR = YES;
				GCC_WARN_UNINITIALIZED_AUTOS = YES_AGGRESSIVE;
				GCC_WARN_UNUSED_FUNCTION = YES;
				GCC_WARN_UNUSED_VARIABLE = YES;
				MACOSX_DEPLOYMENT_TARGET = 13.1;
				MTL_ENABLE_DEBUG_INFO = INCLUDE_SOURCE;
				MTL_FAST_MATH = YES;
				ONLY_ACTIVE_ARCH = YES;
				SDKROOT = macosx;
				SWIFT_ACTIVE_COMPILATION_CONDITIONS = DEBUG;
				SWIFT_OPTIMIZATION_LEVEL = "-Onone";
			};
			name = Debug;
		};
		FA4DEF3B29A3960B002BA555 /* Release */ = {
			isa = XCBuildConfiguration;
			buildSettings = {
				ALWAYS_SEARCH_USER_PATHS = NO;
				CLANG_ANALYZER_NONNULL = YES;
				CLANG_ANALYZER_NUMBER_OBJECT_CONVERSION = YES_AGGRESSIVE;
				CLANG_CXX_LANGUAGE_STANDARD = "gnu++20";
				CLANG_ENABLE_MODULES = YES;
				CLANG_ENABLE_OBJC_ARC = YES;
				CLANG_ENABLE_OBJC_WEAK = YES;
				CLANG_WARN_BLOCK_CAPTURE_AUTORELEASING = YES;
				CLANG_WARN_BOOL_CONVERSION = YES;
				CLANG_WARN_COMMA = YES;
				CLANG_WARN_CONSTANT_CONVERSION = YES;
				CLANG_WARN_DEPRECATED_OBJC_IMPLEMENTATIONS = YES;
				CLANG_WARN_DIRECT_OBJC_ISA_USAGE = YES_ERROR;
				CLANG_WARN_DOCUMENTATION_COMMENTS = YES;
				CLANG_WARN_EMPTY_BODY = YES;
				CLANG_WARN_ENUM_CONVERSION = YES;
				CLANG_WARN_INFINITE_RECURSION = YES;
				CLANG_WARN_INT_CONVERSION = YES;
				CLANG_WARN_NON_LITERAL_NULL_CONVERSION = YES;
				CLANG_WARN_OBJC_IMPLICIT_RETAIN_SELF = YES;
				CLANG_WARN_OBJC_LITERAL_CONVERSION = YES;
				CLANG_WARN_OBJC_ROOT_CLASS = YES_ERROR;
				CLANG_WARN_QUOTED_INCLUDE_IN_FRAMEWORK_HEADER = YES;
				CLANG_WARN_RANGE_LOOP_ANALYSIS = YES;
				CLANG_WARN_STRICT_PROTOTYPES = YES;
				CLANG_WARN_SUSPICIOUS_MOVE = YES;
				CLANG_WARN_UNGUARDED_AVAILABILITY = YES_AGGRESSIVE;
				CLANG_WARN_UNREACHABLE_CODE = YES;
				CLANG_WARN__DUPLICATE_METHOD_MATCH = YES;
				COPY_PHASE_STRIP = NO;
				DEBUG_INFORMATION_FORMAT = "dwarf-with-dsym";
				ENABLE_NS_ASSERTIONS = NO;
				ENABLE_STRICT_OBJC_MSGSEND = YES;
				GCC_C_LANGUAGE_STANDARD = gnu11;
				GCC_NO_COMMON_BLOCKS = YES;
				GCC_WARN_64_TO_32_BIT_CONVERSION = YES;
				GCC_WARN_ABOUT_RETURN_TYPE = YES_ERROR;
				GCC_WARN_UNDECLARED_SELECTOR = YES;
				GCC_WARN_UNINITIALIZED_AUTOS = YES_AGGRESSIVE;
				GCC_WARN_UNUSED_FUNCTION = YES;
				GCC_WARN_UNUSED_VARIABLE = YES;
				MACOSX_DEPLOYMENT_TARGET = 13.1;
				MTL_ENABLE_DEBUG_INFO = NO;
				MTL_FAST_MATH = YES;
				SDKROOT = macosx;
				SWIFT_COMPILATION_MODE = wholemodule;
				SWIFT_OPTIMIZATION_LEVEL = "-O";
			};
			name = Release;
		};
		FA4DEF3D29A3960B002BA555 /* Debug */ = {
			isa = XCBuildConfiguration;
			buildSettings = {
				ASSETCATALOG_COMPILER_APPICON_NAME = AppIcon;
				ASSETCATALOG_COMPILER_GLOBAL_ACCENT_COLOR_NAME = AccentColor;
				CODE_SIGN_ENTITLEMENTS = "Knowapp_v1-0/Knowapp_v1_0.entitlements";
				CODE_SIGN_STYLE = Automatic;
				COMBINE_HIDPI_IMAGES = YES;
				CURRENT_PROJECT_VERSION = 1;
				DEVELOPMENT_ASSET_PATHS = "\"Knowapp_v1-0/Preview Content\"";
				DEVELOPMENT_TEAM = WAUSSAZ9SA;
				ENABLE_HARDENED_RUNTIME = YES;
				ENABLE_PREVIEWS = YES;
				GENERATE_INFOPLIST_FILE = YES;
				INFOPLIST_KEY_NSHumanReadableCopyright = "";
				LD_RUNPATH_SEARCH_PATHS = (
					"$(inherited)",
					"@executable_path/../Frameworks",
				);
				MARKETING_VERSION = 1.0;
				PRODUCT_BUNDLE_IDENTIFIER = "LikeGuys.Knowapp-v1-0";
				PRODUCT_NAME = "$(TARGET_NAME)";
				SWIFT_EMIT_LOC_STRINGS = YES;
				SWIFT_VERSION = 5.0;
			};
			name = Debug;
		};
		FA4DEF3E29A3960B002BA555 /* Release */ = {
			isa = XCBuildConfiguration;
			buildSettings = {
				ASSETCATALOG_COMPILER_APPICON_NAME = AppIcon;
				ASSETCATALOG_COMPILER_GLOBAL_ACCENT_COLOR_NAME = AccentColor;
				CODE_SIGN_ENTITLEMENTS = "Knowapp_v1-0/Knowapp_v1_0.entitlements";
				CODE_SIGN_STYLE = Automatic;
				COMBINE_HIDPI_IMAGES = YES;
				CURRENT_PROJECT_VERSION = 1;
				DEVELOPMENT_ASSET_PATHS = "\"Knowapp_v1-0/Preview Content\"";
				DEVELOPMENT_TEAM = WAUSSAZ9SA;
				ENABLE_HARDENED_RUNTIME = YES;
				ENABLE_PREVIEWS = YES;
				GENERATE_INFOPLIST_FILE = YES;
				INFOPLIST_KEY_NSHumanReadableCopyright = "";
				LD_RUNPATH_SEARCH_PATHS = (
					"$(inherited)",
					"@executable_path/../Frameworks",
				);
				MARKETING_VERSION = 1.0;
				PRODUCT_BUNDLE_IDENTIFIER = "LikeGuys.Knowapp-v1-0";
				PRODUCT_NAME = "$(TARGET_NAME)";
				SWIFT_EMIT_LOC_STRINGS = YES;
				SWIFT_VERSION = 5.0;
			};
			name = Release;
		};
		FA4DEF4029A3960B002BA555 /* Debug */ = {
			isa = XCBuildConfiguration;
			buildSettings = {
				ALWAYS_EMBED_SWIFT_STANDARD_LIBRARIES = YES;
				BUNDLE_LOADER = "$(TEST_HOST)";
				CODE_SIGN_STYLE = Automatic;
				CURRENT_PROJECT_VERSION = 1;
				DEVELOPMENT_TEAM = WAUSSAZ9SA;
				GENERATE_INFOPLIST_FILE = YES;
				MACOSX_DEPLOYMENT_TARGET = 13.1;
				MARKETING_VERSION = 1.0;
				PRODUCT_BUNDLE_IDENTIFIER = "LikeGuys.Knowapp-v1-0Tests";
				PRODUCT_NAME = "$(TARGET_NAME)";
				SWIFT_EMIT_LOC_STRINGS = NO;
				SWIFT_VERSION = 5.0;
				TEST_HOST = "$(BUILT_PRODUCTS_DIR)/Knowapp_v1-0.app/$(BUNDLE_EXECUTABLE_FOLDER_PATH)/Knowapp_v1-0";
			};
			name = Debug;
		};
		FA4DEF4129A3960B002BA555 /* Release */ = {
			isa = XCBuildConfiguration;
			buildSettings = {
				ALWAYS_EMBED_SWIFT_STANDARD_LIBRARIES = YES;
				BUNDLE_LOADER = "$(TEST_HOST)";
				CODE_SIGN_STYLE = Automatic;
				CURRENT_PROJECT_VERSION = 1;
				DEVELOPMENT_TEAM = WAUSSAZ9SA;
				GENERATE_INFOPLIST_FILE = YES;
				MACOSX_DEPLOYMENT_TARGET = 13.1;
				MARKETING_VERSION = 1.0;
				PRODUCT_BUNDLE_IDENTIFIER = "LikeGuys.Knowapp-v1-0Tests";
				PRODUCT_NAME = "$(TARGET_NAME)";
				SWIFT_EMIT_LOC_STRINGS = NO;
				SWIFT_VERSION = 5.0;
				TEST_HOST = "$(BUILT_PRODUCTS_DIR)/Knowapp_v1-0.app/$(BUNDLE_EXECUTABLE_FOLDER_PATH)/Knowapp_v1-0";
			};
			name = Release;
		};
		FA4DEF4329A3960B002BA555 /* Debug */ = {
			isa = XCBuildConfiguration;
			buildSettings = {
				ALWAYS_EMBED_SWIFT_STANDARD_LIBRARIES = YES;
				CODE_SIGN_STYLE = Automatic;
				CURRENT_PROJECT_VERSION = 1;
				DEVELOPMENT_TEAM = WAUSSAZ9SA;
				GENERATE_INFOPLIST_FILE = YES;
				MARKETING_VERSION = 1.0;
				PRODUCT_BUNDLE_IDENTIFIER = "LikeGuys.Knowapp-v1-0UITests";
				PRODUCT_NAME = "$(TARGET_NAME)";
				SWIFT_EMIT_LOC_STRINGS = NO;
				SWIFT_VERSION = 5.0;
				TEST_TARGET_NAME = "Knowapp_v1-0";
			};
			name = Debug;
		};
		FA4DEF4429A3960B002BA555 /* Release */ = {
			isa = XCBuildConfiguration;
			buildSettings = {
				ALWAYS_EMBED_SWIFT_STANDARD_LIBRARIES = YES;
				CODE_SIGN_STYLE = Automatic;
				CURRENT_PROJECT_VERSION = 1;
				DEVELOPMENT_TEAM = WAUSSAZ9SA;
				GENERATE_INFOPLIST_FILE = YES;
				MARKETING_VERSION = 1.0;
				PRODUCT_BUNDLE_IDENTIFIER = "LikeGuys.Knowapp-v1-0UITests";
				PRODUCT_NAME = "$(TARGET_NAME)";
				SWIFT_EMIT_LOC_STRINGS = NO;
				SWIFT_VERSION = 5.0;
				TEST_TARGET_NAME = "Knowapp_v1-0";
			};
			name = Release;
		};
/* End XCBuildConfiguration section */

/* Begin XCConfigurationList section */
		FA4DEF1229A3960A002BA555 /* Build configuration list for PBXProject "Knowapp_v1-0" */ = {
			isa = XCConfigurationList;
			buildConfigurations = (
				FA4DEF3A29A3960B002BA555 /* Debug */,
				FA4DEF3B29A3960B002BA555 /* Release */,
			);
			defaultConfigurationIsVisible = 0;
			defaultConfigurationName = Release;
		};
		FA4DEF3C29A3960B002BA555 /* Build configuration list for PBXNativeTarget "Knowapp_v1-0" */ = {
			isa = XCConfigurationList;
			buildConfigurations = (
				FA4DEF3D29A3960B002BA555 /* Debug */,
				FA4DEF3E29A3960B002BA555 /* Release */,
			);
			defaultConfigurationIsVisible = 0;
			defaultConfigurationName = Release;
		};
		FA4DEF3F29A3960B002BA555 /* Build configuration list for PBXNativeTarget "Knowapp_v1-0Tests" */ = {
			isa = XCConfigurationList;
			buildConfigurations = (
				FA4DEF4029A3960B002BA555 /* Debug */,
				FA4DEF4129A3960B002BA555 /* Release */,
			);
			defaultConfigurationIsVisible = 0;
			defaultConfigurationName = Release;
		};
		FA4DEF4229A3960B002BA555 /* Build configuration list for PBXNativeTarget "Knowapp_v1-0UITests" */ = {
			isa = XCConfigurationList;
			buildConfigurations = (
				FA4DEF4329A3960B002BA555 /* Debug */,
				FA4DEF4429A3960B002BA555 /* Release */,
			);
			defaultConfigurationIsVisible = 0;
			defaultConfigurationName = Release;
		};
/* End XCConfigurationList section */
	};
	rootObject = FA4DEF0F29A3960A002BA555 /* Project object */;
}
